
Microsoft Visual Studio Solution File, Format Version 12.00
# Visual Studio Version 17
VisualStudioVersion = 17.10.35027.167
MinimumVisualStudioVersion = 10.0.40219.1
Project("{FAE04EC0-301F-11D3-BF4B-00C04F79EFBC}") = "TreciaPaskaitaCSharp", "TreciaPaskaitaCSharp\TreciaPaskaitaCSharp.csproj", "{4AABA9D4-BFCF-492A-BCF4-58193BC83A45}"
EndProject
Global
	GlobalSection(SolutionConfigurationPlatforms) = preSolution
		Debug|Any CPU = Debug|Any CPU
		Release|Any CPU = Release|Any CPU
	EndGlobalSection
	GlobalSection(ProjectConfigurationPlatforms) = postSolution
		{4AABA9D4-BFCF-492A-BCF4-58193BC83A45}.Debug|Any CPU.ActiveCfg = Debug|Any CPU
		{4AABA9D4-BFCF-492A-BCF4-58193BC83A45}.Debug|Any CPU.Build.0 = Debug|Any CPU
		{4AABA9D4-BFCF-492A-BCF4-58193BC83A45}.Release|Any CPU.ActiveCfg = Release|Any CPU
		{4AABA9D4-BFCF-492A-BCF4-58193BC83A45}.Release|Any CPU.Build.0 = Release|Any CPU
	EndGlobalSection
	GlobalSection(SolutionProperties) = preSolution
		HideSolutionNode = FALSE
	EndGlobalSection
	GlobalSection(ExtensibilityGlobals) = postSolution
		SolutionGuid = {CD69DF67-FAFA-4F30-90B2-9263A7212027}
	EndGlobalSection
EndGlobal
